{
  "lockfileVersion": 3,
  "name": "setup-env-github-action",
  "packages": {
    "": {
      "dependencies": {
        "@actions/core": "^1.11.1"
      },
      "devDependencies": {
        "@github/local-action": "^2.2.1",
        "@vercel/ncc": "^0.38.3"
      },
      "engines": {
        "node": ">=20"
      },
      "license": "CC0 1.0 Universal",
      "name": "setup-env-github-action",
      "version": "1.0.0"
    },
    "node_modules/@actions/core": {
      "dependencies": {
        "@actions/exec": "^1.1.1",
        "@actions/http-client": "^2.0.1"
      },
      "integrity": "sha512-hXJCSrkwfA46Vd9Z3q4cpEpHB1rL5NG04+/rbqW9d3+CSvtB1tYe8UTpAlixa1vj0m/ULglfEK2UKxMGxCxv5A==",
      "license": "MIT",
      "resolved": "https://registry.npmjs.org/@actions/core/-/core-1.11.1.tgz",
      "version": "1.11.1"
    },
    "node_modules/@actions/exec": {
      "dependencies": {
        "@actions/io": "^1.0.1"
      },
      "integrity": "sha512-+sCcHHbVdk93a0XT19ECtO/gIXoxvdsgQLzb2fE2/5sIZmWQuluYyjPQtrtTHdU1YzTZ7bAPN4sITq2xi1679w==",
      "license": "MIT",
      "resolved": "https://registry.npmjs.org/@actions/exec/-/exec-1.1.1.tgz",
      "version": "1.1.1"
    },
    "node_modules/@actions/http-client": {
      "dependencies": {
        "tunnel": "^0.0.6",
        "undici": "^5.25.4"
      },
      "integrity": "sha512-mx8hyJi/hjFvbPokCg4uRd4ZX78t+YyRPtnKWwIl+RzNaVuFpQHfmlGVfsKEJN8LwTCvL+DfVgAM04XaHkm6bA==",
      "license": "MIT",
      "resolved": "https://registry.npmjs.org/@actions/http-client/-/http-client-2.2.3.tgz",
      "version": "2.2.3"
    },
    "node_modules/@actions/io": {
      "integrity": "sha512-wi9JjgKLYS7U/z8PPbco+PvTb/nRWjeoFlJ1Qer83k/3C5PHQi28hiVdeE2kHXmIL99mQFawx8qt/JPjZilJ8Q==",
      "license": "MIT",
      "resolved": "https://registry.npmjs.org/@actions/io/-/io-1.1.3.tgz",
      "version": "1.1.3"
    },
    "node_modules/@esbuild/aix-ppc64": {
      "cpu": [
        "ppc64"
      ],
      "dev": true,
      "engines": {
        "node": ">=18"
      },
      "integrity": "sha512-wCIboOL2yXZym2cgm6mlA742s9QeJ8DjGVaL39dLN4rRwrOgOyYSnOaFPhKZGLb2ngj4EyfAFjsNJwPXZvseag==",
      "license": "MIT",
      "optional": true,
      "os": [
        "aix"
      ],
      "resolved": "https://registry.npmjs.org/@esbuild/aix-ppc64/-/aix-ppc64-0.25.2.tgz",
      "version": "0.25.2"
    },
    "node_modules/@esbuild/android-arm": {
      "cpu": [
        "arm"
      ],
      "dev": true,
      "engines": {
        "node": ">=18"
      },
      "integrity": "sha512-NQhH7jFstVY5x8CKbcfa166GoV0EFkaPkCKBQkdPJFvo5u+nGXLEH/ooniLb3QI8Fk58YAx7nsPLozUWfCBOJA==",
      "license": "MIT",
      "optional": true,
      "os": [
        "android"
      ],
      "resolved": "https://registry.npmjs.org/@esbuild/android-arm/-/android-arm-0.25.2.tgz",
      "version": "0.25.2"
    },
    "node_modules/@esbuild/android-arm64": {
      "cpu": [
        "arm64"
      ],
      "dev": true,
      "engines": {
        "node": ">=18"
      },
      "integrity": "sha512-5ZAX5xOmTligeBaeNEPnPaeEuah53Id2tX4c2CVP3JaROTH+j4fnfHCkr1PjXMd78hMst+TlkfKcW/DlTq0i4w==",
      "license": "MIT",
      "optional": true,
      "os": [
        "android"
      ],
      "resolved": "https://registry.npmjs.org/@esbuild/android-arm64/-/android-arm64-0.25.2.tgz",
      "version": "0.25.2"
    },
    "node_modules/@esbuild/android-x64": {
      "cpu": [
        "x64"
      ],
      "dev": true,
      "engines": {
        "node": ">=18"
      },
      "integrity": "sha512-Ffcx+nnma8Sge4jzddPHCZVRvIfQ0kMsUsCMcJRHkGJ1cDmhe4SsrYIjLUKn1xpHZybmOqCWwB0zQvsjdEHtkg==",
      "license": "MIT",
      "optional": true,
      "os": [
        "android"
      ],
      "resolved": "https://registry.npmjs.org/@esbuild/android-x64/-/android-x64-0.25.2.tgz",
      "version": "0.25.2"
    },
    "node_modules/@esbuild/darwin-arm64": {
      "cpu": [
        "arm64"
      ],
      "dev": true,
      "engines": {
        "node": ">=18"
      },
      "integrity": "sha512-MpM6LUVTXAzOvN4KbjzU/q5smzryuoNjlriAIx+06RpecwCkL9JpenNzpKd2YMzLJFOdPqBpuub6eVRP5IgiSA==",
      "license": "MIT",
      "optional": true,
      "os": [
        "darwin"
      ],
      "resolved": "https://registry.npmjs.org/@esbuild/darwin-arm64/-/darwin-arm64-0.25.2.tgz",
      "version": "0.25.2"
    },
    "node_modules/@esbuild/darwin-x64": {
      "cpu": [
        "x64"
      ],
      "dev": true,
      "engines": {
        "node": ">=18"
      },
      "integrity": "sha512-5eRPrTX7wFyuWe8FqEFPG2cU0+butQQVNcT4sVipqjLYQjjh8a8+vUTfgBKM88ObB85ahsnTwF7PSIt6PG+QkA==",
      "license": "MIT",
      "optional": true,
      "os": [
        "darwin"
      ],
      "resolved": "https://registry.npmjs.org/@esbuild/darwin-x64/-/darwin-x64-0.25.2.tgz",
      "version": "0.25.2"
    },
    "node_modules/@esbuild/freebsd-arm64": {
      "cpu": [
        "arm64"
      ],
      "dev": true,
      "engines": {
        "node": ">=18"
      },
      "integrity": "sha512-mLwm4vXKiQ2UTSX4+ImyiPdiHjiZhIaE9QvC7sw0tZ6HoNMjYAqQpGyui5VRIi5sGd+uWq940gdCbY3VLvsO1w==",
      "license": "MIT",
      "optional": true,
      "os": [
        "freebsd"
      ],
      "resolved": "https://registry.npmjs.org/@esbuild/freebsd-arm64/-/freebsd-arm64-0.25.2.tgz",
      "version": "0.25.2"
    },
    "node_modules/@esbuild/freebsd-x64": {
      "cpu": [
        "x64"
      ],
      "dev": true,
      "engines": {
        "node": ">=18"
      },
      "integrity": "sha512-6qyyn6TjayJSwGpm8J9QYYGQcRgc90nmfdUb0O7pp1s4lTY+9D0H9O02v5JqGApUyiHOtkz6+1hZNvNtEhbwRQ==",
      "license": "MIT",
      "optional": true,
      "os": [
        "freebsd"
      ],
      "resolved": "https://registry.npmjs.org/@esbuild/freebsd-x64/-/freebsd-x64-0.25.2.tgz",
      "version": "0.25.2"
    },
    "node_modules/@esbuild/linux-arm": {
      "cpu": [
        "arm"
      ],
      "dev": true,
      "engines": {
        "node": ">=18"
      },
      "integrity": "sha512-UHBRgJcmjJv5oeQF8EpTRZs/1knq6loLxTsjc3nxO9eXAPDLcWW55flrMVc97qFPbmZP31ta1AZVUKQzKTzb0g==",
      "license": "MIT",
      "optional": true,
      "os": [
        "linux"
      ],
      "resolved": "https://registry.npmjs.org/@esbuild/linux-arm/-/linux-arm-0.25.2.tgz",
      "version": "0.25.2"
    },
    "node_modules/@esbuild/linux-arm64": {
      "cpu": [
        "arm64"
      ],
      "dev": true,
      "engines": {
        "node": ">=18"
      },
      "integrity": "sha512-gq/sjLsOyMT19I8obBISvhoYiZIAaGF8JpeXu1u8yPv8BE5HlWYobmlsfijFIZ9hIVGYkbdFhEqC0NvM4kNO0g==",
      "license": "MIT",
      "optional": true,
      "os": [
        "linux"
      ],
      "resolved": "https://registry.npmjs.org/@esbuild/linux-arm64/-/linux-arm64-0.25.2.tgz",
      "version": "0.25.2"
    },
    "node_modules/@esbuild/linux-ia32": {
      "cpu": [
        "ia32"
      ],
      "dev": true,
      "engines": {
        "node": ">=18"
      },
      "integrity": "sha512-bBYCv9obgW2cBP+2ZWfjYTU+f5cxRoGGQ5SeDbYdFCAZpYWrfjjfYwvUpP8MlKbP0nwZ5gyOU/0aUzZ5HWPuvQ==",
      "license": "MIT",
      "optional": true,
      "os": [
        "linux"
      ],
      "resolved": "https://registry.npmjs.org/@esbuild/linux-ia32/-/linux-ia32-0.25.2.tgz",
      "version": "0.25.2"
    },
    "node_modules/@esbuild/linux-loong64": {
      "cpu": [
        "loong64"
      ],
      "dev": true,
      "engines": {
        "node": ">=18"
      },
      "integrity": "sha512-SHNGiKtvnU2dBlM5D8CXRFdd+6etgZ9dXfaPCeJtz+37PIUlixvlIhI23L5khKXs3DIzAn9V8v+qb1TRKrgT5w==",
      "license": "MIT",
      "optional": true,
      "os": [
        "linux"
      ],
      "resolved": "https://registry.npmjs.org/@esbuild/linux-loong64/-/linux-loong64-0.25.2.tgz",
      "version": "0.25.2"
    },
    "node_modules/@esbuild/linux-mips64el": {
      "cpu": [
        "mips64el"
      ],
      "dev": true,
      "engines": {
        "node": ">=18"
      },
      "integrity": "sha512-hDDRlzE6rPeoj+5fsADqdUZl1OzqDYow4TB4Y/3PlKBD0ph1e6uPHzIQcv2Z65u2K0kpeByIyAjCmjn1hJgG0Q==",
      "license": "MIT",
      "optional": true,
      "os": [
        "linux"
      ],
      "resolved": "https://registry.npmjs.org/@esbuild/linux-mips64el/-/linux-mips64el-0.25.2.tgz",
      "version": "0.25.2"
    },
    "node_modules/@esbuild/linux-ppc64": {
      "cpu": [
        "ppc64"
      ],
      "dev": true,
      "engines": {
        "node": ">=18"
      },
      "integrity": "sha512-tsHu2RRSWzipmUi9UBDEzc0nLc4HtpZEI5Ba+Omms5456x5WaNuiG3u7xh5AO6sipnJ9r4cRWQB2tUjPyIkc6g==",
      "license": "MIT",
      "optional": true,
      "os": [
        "linux"
      ],
      "resolved": "https://registry.npmjs.org/@esbuild/linux-ppc64/-/linux-ppc64-0.25.2.tgz",
      "version": "0.25.2"
    },
    "node_modules/@esbuild/linux-riscv64": {
      "cpu": [
        "riscv64"
      ],
      "dev": true,
      "engines": {
        "node": ">=18"
      },
      "integrity": "sha512-k4LtpgV7NJQOml/10uPU0s4SAXGnowi5qBSjaLWMojNCUICNu7TshqHLAEbkBdAszL5TabfvQ48kK84hyFzjnw==",
      "license": "MIT",
      "optional": true,
      "os": [
        "linux"
      ],
      "resolved": "https://registry.npmjs.org/@esbuild/linux-riscv64/-/linux-riscv64-0.25.2.tgz",
      "version": "0.25.2"
    },
    "node_modules/@esbuild/linux-s390x": {
      "cpu": [
        "s390x"
      ],
      "dev": true,
      "engines": {
        "node": ">=18"
      },
      "integrity": "sha512-GRa4IshOdvKY7M/rDpRR3gkiTNp34M0eLTaC1a08gNrh4u488aPhuZOCpkF6+2wl3zAN7L7XIpOFBhnaE3/Q8Q==",
      "license": "MIT",
      "optional": true,
      "os": [
        "linux"
      ],
      "resolved": "https://registry.npmjs.org/@esbuild/linux-s390x/-/linux-s390x-0.25.2.tgz",
      "version": "0.25.2"
    },
    "node_modules/@esbuild/linux-x64": {
      "cpu": [
        "x64"
      ],
      "dev": true,
      "engines": {
        "node": ">=18"
      },
      "integrity": "sha512-QInHERlqpTTZ4FRB0fROQWXcYRD64lAoiegezDunLpalZMjcUcld3YzZmVJ2H/Cp0wJRZ8Xtjtj0cEHhYc/uUg==",
      "license": "MIT",
      "optional": true,
      "os": [
        "linux"
      ],
      "resolved": "https://registry.npmjs.org/@esbuild/linux-x64/-/linux-x64-0.25.2.tgz",
      "version": "0.25.2"
    },
    "node_modules/@esbuild/netbsd-arm64": {
      "cpu": [
        "arm64"
      ],
      "dev": true,
      "engines": {
        "node": ">=18"
      },
      "integrity": "sha512-talAIBoY5M8vHc6EeI2WW9d/CkiO9MQJ0IOWX8hrLhxGbro/vBXJvaQXefW2cP0z0nQVTdQ/eNyGFV1GSKrxfw==",
      "license": "MIT",
      "optional": true,
      "os": [
        "netbsd"
      ],
      "resolved": "https://registry.npmjs.org/@esbuild/netbsd-arm64/-/netbsd-arm64-0.25.2.tgz",
      "version": "0.25.2"
    },
    "node_modules/@esbuild/netbsd-x64": {
      "cpu": [
        "x64"
      ],
      "dev": true,
      "engines": {
        "node": ">=18"
      },
      "integrity": "sha512-voZT9Z+tpOxrvfKFyfDYPc4DO4rk06qamv1a/fkuzHpiVBMOhpjK+vBmWM8J1eiB3OLSMFYNaOaBNLXGChf5tg==",
      "license": "MIT",
      "optional": true,
      "os": [
        "netbsd"
      ],
      "resolved": "https://registry.npmjs.org/@esbuild/netbsd-x64/-/netbsd-x64-0.25.2.tgz",
      "version": "0.25.2"
    },
    "node_modules/@esbuild/openbsd-arm64": {
      "cpu": [
        "arm64"
      ],
      "dev": true,
      "engines": {
        "node": ">=18"
      },
      "integrity": "sha512-dcXYOC6NXOqcykeDlwId9kB6OkPUxOEqU+rkrYVqJbK2hagWOMrsTGsMr8+rW02M+d5Op5NNlgMmjzecaRf7Tg==",
      "license": "MIT",
      "optional": true,
      "os": [
        "openbsd"
      ],
      "resolved": "https://registry.npmjs.org/@esbuild/openbsd-arm64/-/openbsd-arm64-0.25.2.tgz",
      "version": "0.25.2"
    },
    "node_modules/@esbuild/openbsd-x64": {
      "cpu": [
        "x64"
      ],
      "dev": true,
      "engines": {
        "node": ">=18"
      },
      "integrity": "sha512-t/TkWwahkH0Tsgoq1Ju7QfgGhArkGLkF1uYz8nQS/PPFlXbP5YgRpqQR3ARRiC2iXoLTWFxc6DJMSK10dVXluw==",
      "license": "MIT",
      "optional": true,
      "os": [
        "openbsd"
      ],
      "resolved": "https://registry.npmjs.org/@esbuild/openbsd-x64/-/openbsd-x64-0.25.2.tgz",
      "version": "0.25.2"
    },
    "node_modules/@esbuild/sunos-x64": {
      "cpu": [
        "x64"
      ],
      "dev": true,
      "engines": {
        "node": ">=18"
      },
      "integrity": "sha512-cfZH1co2+imVdWCjd+D1gf9NjkchVhhdpgb1q5y6Hcv9TP6Zi9ZG/beI3ig8TvwT9lH9dlxLq5MQBBgwuj4xvA==",
      "license": "MIT",
      "optional": true,
      "os": [
        "sunos"
      ],
      "resolved": "https://registry.npmjs.org/@esbuild/sunos-x64/-/sunos-x64-0.25.2.tgz",
      "version": "0.25.2"
    },
    "node_modules/@esbuild/win32-arm64": {
      "cpu": [
        "arm64"
      ],
      "dev": true,
      "engines": {
        "node": ">=18"
      },
      "integrity": "sha512-7Loyjh+D/Nx/sOTzV8vfbB3GJuHdOQyrOryFdZvPHLf42Tk9ivBU5Aedi7iyX+x6rbn2Mh68T4qq1SDqJBQO5Q==",
      "license": "MIT",
      "optional": true,
      "os": [
        "win32"
      ],
      "resolved": "https://registry.npmjs.org/@esbuild/win32-arm64/-/win32-arm64-0.25.2.tgz",
      "version": "0.25.2"
    },
    "node_modules/@esbuild/win32-ia32": {
      "cpu": [
        "ia32"
      ],
      "dev": true,
      "engines": {
        "node": ">=18"
      },
      "integrity": "sha512-WRJgsz9un0nqZJ4MfhabxaD9Ft8KioqU3JMinOTvobbX6MOSUigSBlogP8QB3uxpJDsFS6yN+3FDBdqE5lg9kg==",
      "license": "MIT",
      "optional": true,
      "os": [
        "win32"
      ],
      "resolved": "https://registry.npmjs.org/@esbuild/win32-ia32/-/win32-ia32-0.25.2.tgz",
      "version": "0.25.2"
    },
    "node_modules/@esbuild/win32-x64": {
      "cpu": [
        "x64"
      ],
      "dev": true,
      "engines": {
        "node": ">=18"
      },
      "integrity": "sha512-kM3HKb16VIXZyIeVrM1ygYmZBKybX8N4p754bw390wGO3Tf2j4L2/WYL+4suWujpgf6GBYs3jv7TyUivdd05JA==",
      "license": "MIT",
      "optional": true,
      "os": [
        "win32"
      ],
      "resolved": "https://registry.npmjs.org/@esbuild/win32-x64/-/win32-x64-0.25.2.tgz",
      "version": "0.25.2"
    },
    "node_modules/@fastify/busboy": {
      "engines": {
        "node": ">=14"
      },
      "integrity": "sha512-vBZP4NlzfOlerQTnba4aqZoMhE/a9HY7HRqoOPaETQcSQuWEIyZMHGfVu6w9wGtGK5fED5qRs2DteVCjOH60sA==",
      "license": "MIT",
      "resolved": "https://registry.npmjs.org/@fastify/busboy/-/busboy-2.1.1.tgz",
      "version": "2.1.1"
    },
    "node_modules/@github/local-action": {
      "bin": {
        "local-action": "bin/local-action.js"
      },
      "dependencies": {
        "@actions/core": "^1.11.1",
        "@octokit/core": "^6.1.2",
        "chalk": "^5.3.0",
        "commander": "^12.1.0",
        "dotenv": "^16.4.5",
        "figlet": "^1.8.0",
        "quibble": "^0.9.2",
        "tsconfig-paths": "^4.2.0",
        "tsx": "^4.19.2",
        "typescript": "^5.6.3",
        "yaml": "^2.6.1"
      },
      "dev": true,
      "engines": {
        "node": ">=20"
      },
      "integrity": "sha512-kSryxkfNsGEMowCvGDyjZTxGsZYUJj/Chec+rptXUFFc8iGV0Xqbck53b32BtwTtfP1IsJ2xy1CHaNnrq/pLyw==",
      "license": "MIT",
      "resolved": "https://registry.npmjs.org/@github/local-action/-/local-action-2.2.1.tgz",
      "version": "2.2.1"
    },
    "node_modules/@octokit/auth-token": {
      "dev": true,
      "engines": {
        "node": ">= 18"
      },
      "integrity": "sha512-rh3G3wDO8J9wSjfI436JUKzHIxq8NaiL0tVeB2aXmG6p/9859aUOAjA9pmSPNGGZxfwmaJ9ozOJImuNVJdpvbA==",
      "license": "MIT",
      "resolved": "https://registry.npmjs.org/@octokit/auth-token/-/auth-token-5.1.1.tgz",
      "version": "5.1.1"
    },
    "node_modules/@octokit/core": {
      "dependencies": {
        "@octokit/auth-token": "^5.0.0",
        "@octokit/graphql": "^8.0.0",
        "@octokit/request": "^9.0.0",
        "@octokit/request-error": "^6.0.1",
        "@octokit/types": "^13.0.0",
        "before-after-hook": "^3.0.2",
        "universal-user-agent": "^7.0.0"
      },
      "dev": true,
      "engines": {
        "node": ">= 18"
      },
      "integrity": "sha512-hEb7Ma4cGJGEUNOAVmyfdB/3WirWMg5hDuNFVejGEDFqupeOysLc2sG6HJxY2etBp5YQu5Wtxwi020jS9xlUwg==",
      "license": "MIT",
      "resolved": "https://registry.npmjs.org/@octokit/core/-/core-6.1.2.tgz",
      "version": "6.1.2"
    },
    "node_modules/@octokit/endpoint": {
      "dependencies": {
        "@octokit/types": "^14.0.0",
        "universal-user-agent": "^7.0.2"
      },
      "dev": true,
      "engines": {
        "node": ">= 18"
      },
      "integrity": "sha512-OlYOlZIsfEVZm5HCSR8aSg02T2lbUWOsCQoPKfTXJwDzcHQBrVBGdGXb89dv2Kw2ToZaRtudp8O3ZIYoaOjKlA==",
      "license": "MIT",
      "resolved": "https://registry.npmjs.org/@octokit/endpoint/-/endpoint-10.1.4.tgz",
      "version": "10.1.4"
    },
    "node_modules/@octokit/endpoint/node_modules/@octokit/openapi-types": {
      "dev": true,
      "integrity": "sha512-FZvktFu7HfOIJf2BScLKIEYjDsw6RKc7rBJCdvCTfKsVnx2GEB/Nbzjr29DUdb7vQhlzS/j8qDzdditP0OC6aw==",
      "license": "MIT",
      "resolved": "https://registry.npmjs.org/@octokit/openapi-types/-/openapi-types-25.0.0.tgz",
      "version": "25.0.0"
    },
    "node_modules/@octokit/endpoint/node_modules/@octokit/types": {
      "dependencies": {
        "@octokit/openapi-types": "^25.0.0"
      },
      "dev": true,
      "integrity": "sha512-VVmZP0lEhbo2O1pdq63gZFiGCKkm8PPp8AUOijlwPO6hojEVjspA0MWKP7E4hbvGxzFKNqKr6p0IYtOH/Wf/zA==",
      "license": "MIT",
      "resolved": "https://registry.npmjs.org/@octokit/types/-/types-14.0.0.tgz",
      "version": "14.0.0"
    },
    "node_modules/@octokit/graphql": {
      "dependencies": {
        "@octokit/request": "^9.0.0",
        "@octokit/types": "^13.0.0",
        "universal-user-agent": "^7.0.0"
      },
      "dev": true,
      "engines": {
        "node": ">= 18"
      },
      "integrity": "sha512-ukiRmuHTi6ebQx/HFRCXKbDlOh/7xEV6QUXaE7MJEKGNAncGI/STSbOkl12qVXZrfZdpXctx5O9X1AIaebiDBg==",
      "license": "MIT",
      "resolved": "https://registry.npmjs.org/@octokit/graphql/-/graphql-8.1.1.tgz",
      "version": "8.1.1"
    },
    "node_modules/@octokit/openapi-types": {
      "dev": true,
      "integrity": "sha512-QBhVjcUa9W7Wwhm6DBFu6ZZ+1/t/oYxqc2tp81Pi41YNuJinbFRx8B133qVOrAaBbF7D/m0Et6f9/pZt9Rc+tg==",
      "license": "MIT",
      "resolved": "https://registry.npmjs.org/@octokit/openapi-types/-/openapi-types-22.2.0.tgz",
      "version": "22.2.0"
    },
    "node_modules/@octokit/request": {
      "dependencies": {
        "@octokit/endpoint": "^10.1.4",
        "@octokit/request-error": "^6.1.8",
        "@octokit/types": "^14.0.0",
        "fast-content-type-parse": "^2.0.0",
        "universal-user-agent": "^7.0.2"
      },
      "dev": true,
      "engines": {
        "node": ">= 18"
      },
      "integrity": "sha512-Ma+pZU8PXLOEYzsWf0cn/gY+ME57Wq8f49WTXA8FMHp2Ps9djKw//xYJ1je8Hm0pR2lU9FUGeJRWOtxq6olt4w==",
      "license": "MIT",
      "resolved": "https://registry.npmjs.org/@octokit/request/-/request-9.2.3.tgz",
      "version": "9.2.3"
    },
    "node_modules/@octokit/request-error": {
      "dependencies": {
        "@octokit/types": "^14.0.0"
      },
      "dev": true,
      "engines": {
        "node": ">= 18"
      },
      "integrity": "sha512-WEi/R0Jmq+IJKydWlKDmryPcmdYSVjL3ekaiEL1L9eo1sUnqMJ+grqmC9cjk7CA7+b2/T397tO5d8YLOH3qYpQ==",
      "license": "MIT",
      "resolved": "https://registry.npmjs.org/@octokit/request-error/-/request-error-6.1.8.tgz",
      "version": "6.1.8"
    },
    "node_modules/@octokit/request-error/node_modules/@octokit/openapi-types": {
      "dev": true,
      "integrity": "sha512-FZvktFu7HfOIJf2BScLKIEYjDsw6RKc7rBJCdvCTfKsVnx2GEB/Nbzjr29DUdb7vQhlzS/j8qDzdditP0OC6aw==",
      "license": "MIT",
      "resolved": "https://registry.npmjs.org/@octokit/openapi-types/-/openapi-types-25.0.0.tgz",
      "version": "25.0.0"
    },
    "node_modules/@octokit/request-error/node_modules/@octokit/types": {
      "dependencies": {
        "@octokit/openapi-types": "^25.0.0"
      },
      "dev": true,
      "integrity": "sha512-VVmZP0lEhbo2O1pdq63gZFiGCKkm8PPp8AUOijlwPO6hojEVjspA0MWKP7E4hbvGxzFKNqKr6p0IYtOH/Wf/zA==",
      "license": "MIT",
      "resolved": "https://registry.npmjs.org/@octokit/types/-/types-14.0.0.tgz",
      "version": "14.0.0"
    },
    "node_modules/@octokit/request/node_modules/@octokit/openapi-types": {
      "dev": true,
      "integrity": "sha512-FZvktFu7HfOIJf2BScLKIEYjDsw6RKc7rBJCdvCTfKsVnx2GEB/Nbzjr29DUdb7vQhlzS/j8qDzdditP0OC6aw==",
      "license": "MIT",
      "resolved": "https://registry.npmjs.org/@octokit/openapi-types/-/openapi-types-25.0.0.tgz",
      "version": "25.0.0"
    },
    "node_modules/@octokit/request/node_modules/@octokit/types": {
      "dependencies": {
        "@octokit/openapi-types": "^25.0.0"
      },
      "dev": true,
      "integrity": "sha512-VVmZP0lEhbo2O1pdq63gZFiGCKkm8PPp8AUOijlwPO6hojEVjspA0MWKP7E4hbvGxzFKNqKr6p0IYtOH/Wf/zA==",
      "license": "MIT",
      "resolved": "https://registry.npmjs.org/@octokit/types/-/types-14.0.0.tgz",
      "version": "14.0.0"
    },
    "node_modules/@octokit/types": {
      "dependencies": {
        "@octokit/openapi-types": "^22.2.0"
      },
      "dev": true,
      "integrity": "sha512-WpbZfZUcZU77DrSW4wbsSgTPfKcp286q3ItaIgvSbBpZJlu6mnYXAkjZz6LVZPXkEvLIM8McanyZejKTYUHipA==",
      "license": "MIT",
      "resolved": "https://registry.npmjs.org/@octokit/types/-/types-13.6.2.tgz",
      "version": "13.6.2"
    },
    "node_modules/@vercel/ncc": {
      "bin": {
        "ncc": "dist/ncc/cli.js"
      },
      "dev": true,
      "integrity": "sha512-rnK6hJBS6mwc+Bkab+PGPs9OiS0i/3kdTO+CkI8V0/VrW3vmz7O2Pxjw/owOlmo6PKEIxRSeZKv/kuL9itnpYA==",
      "license": "MIT",
      "resolved": "https://registry.npmjs.org/@vercel/ncc/-/ncc-0.38.3.tgz",
      "version": "0.38.3"
    },
    "node_modules/before-after-hook": {
      "dev": true,
      "integrity": "sha512-Nik3Sc0ncrMK4UUdXQmAnRtzmNQTAAXmXIopizwZ1W1t8QmfJj+zL4OA2I7XPTPW5z5TDqv4hRo/JzouDJnX3A==",
      "license": "Apache-2.0",
      "resolved": "https://registry.npmjs.org/before-after-hook/-/before-after-hook-3.0.2.tgz",
      "version": "3.0.2"
    },
    "node_modules/chalk": {
      "dev": true,
      "engines": {
        "node": "^12.17.0 || ^14.13 || >=16.0.0"
      },
      "funding": {
        "url": "https://github.com/chalk/chalk?sponsor=1"
      },
      "integrity": "sha512-dLitG79d+GV1Nb/VYcCDFivJeK1hiukt9QjRNVOsUtTy1rR1YJsmpGGTZ3qJos+uw7WmWF4wUwBd9jxjocFC2w==",
      "license": "MIT",
      "resolved": "https://registry.npmjs.org/chalk/-/chalk-5.3.0.tgz",
      "version": "5.3.0"
    },
    "node_modules/commander": {
      "dev": true,
      "engines": {
        "node": ">=18"
      },
      "integrity": "sha512-Vw8qHK3bZM9y/P10u3Vib8o/DdkvA2OtPtZvD871QKjy74Wj1WSKFILMPRPSdUSx5RFK1arlJzEtA4PkFgnbuA==",
      "license": "MIT",
      "resolved": "https://registry.npmjs.org/commander/-/commander-12.1.0.tgz",
      "version": "12.1.0"
    },
    "node_modules/dotenv": {
      "dev": true,
      "engines": {
        "node": ">=12"
      },
      "funding": {
        "url": "https://dotenvx.com"
      },
      "integrity": "sha512-47qPchRCykZC03FhkYAhrvwU4xDBFIj1QPqaarj6mdM/hgUzfPHcpkHJOn3mJAufFeeAxAzeGsr5X0M4k6fLZQ==",
      "license": "BSD-2-Clause",
      "resolved": "https://registry.npmjs.org/dotenv/-/dotenv-16.4.7.tgz",
      "version": "16.4.7"
    },
    "node_modules/esbuild": {
      "bin": {
        "esbuild": "bin/esbuild"
      },
      "dev": true,
      "engines": {
        "node": ">=18"
      },
      "hasInstallScript": true,
      "integrity": "sha512-16854zccKPnC+toMywC+uKNeYSv+/eXkevRAfwRD/G9Cleq66m8XFIrigkbvauLLlCfDL45Q2cWegSg53gGBnQ==",
      "license": "MIT",
      "optionalDependencies": {
        "@esbuild/aix-ppc64": "0.25.2",
        "@esbuild/android-arm": "0.25.2",
        "@esbuild/android-arm64": "0.25.2",
        "@esbuild/android-x64": "0.25.2",
        "@esbuild/darwin-arm64": "0.25.2",
        "@esbuild/darwin-x64": "0.25.2",
        "@esbuild/freebsd-arm64": "0.25.2",
        "@esbuild/freebsd-x64": "0.25.2",
        "@esbuild/linux-arm": "0.25.2",
        "@esbuild/linux-arm64": "0.25.2",
        "@esbuild/linux-ia32": "0.25.2",
        "@esbuild/linux-loong64": "0.25.2",
        "@esbuild/linux-mips64el": "0.25.2",
        "@esbuild/linux-ppc64": "0.25.2",
        "@esbuild/linux-riscv64": "0.25.2",
        "@esbuild/linux-s390x": "0.25.2",
        "@esbuild/linux-x64": "0.25.2",
        "@esbuild/netbsd-arm64": "0.25.2",
        "@esbuild/netbsd-x64": "0.25.2",
        "@esbuild/openbsd-arm64": "0.25.2",
        "@esbuild/openbsd-x64": "0.25.2",
        "@esbuild/sunos-x64": "0.25.2",
        "@esbuild/win32-arm64": "0.25.2",
        "@esbuild/win32-ia32": "0.25.2",
        "@esbuild/win32-x64": "0.25.2"
      },
      "resolved": "https://registry.npmjs.org/esbuild/-/esbuild-0.25.2.tgz",
      "version": "0.25.2"
    },
    "node_modules/fast-content-type-parse": {
      "dev": true,
      "funding": [
        {
          "type": "github",
          "url": "https://github.com/sponsors/fastify"
        },
        {
          "type": "opencollective",
          "url": "https://opencollective.com/fastify"
        }
      ],
      "integrity": "sha512-nGqtvLrj5w0naR6tDPfB4cUmYCqouzyQiz6C5y/LtcDllJdrcc6WaWW6iXyIIOErTa/XRybj28aasdn4LkVk6Q==",
      "license": "MIT",
      "resolved": "https://registry.npmjs.org/fast-content-type-parse/-/fast-content-type-parse-2.0.1.tgz",
      "version": "2.0.1"
    },
    "node_modules/figlet": {
      "bin": {
        "figlet": "bin/index.js"
      },
      "dev": true,
      "engines": {
        "node": ">= 0.4.0"
      },
      "integrity": "sha512-chzvGjd+Sp7KUvPHZv6EXV5Ir3Q7kYNpCr4aHrRW79qFtTefmQZNny+W1pW9kf5zeE6dikku2W50W/wAH2xWgw==",
      "license": "MIT",
      "resolved": "https://registry.npmjs.org/figlet/-/figlet-1.8.0.tgz",
      "version": "1.8.0"
    },
    "node_modules/fsevents": {
      "dev": true,
      "engines": {
        "node": "^8.16.0 || ^10.6.0 || >=11.0.0"
      },
      "hasInstallScript": true,
      "integrity": "sha512-5xoDfX+fL7faATnagmWPpbFtwh/R77WmMMqqHGS65C3vvB0YHrgF+B1YmZ3441tMj5n63k0212XNoJwzlhffQw==",
      "license": "MIT",
      "optional": true,
      "os": [
        "darwin"
      ],
      "resolved": "https://registry.npmjs.org/fsevents/-/fsevents-2.3.3.tgz",
      "version": "2.3.3"
    },
    "node_modules/function-bind": {
      "dev": true,
      "funding": {
        "url": "https://github.com/sponsors/ljharb"
      },
      "integrity": "sha512-7XHNxH7qX9xG5mIwxkhumTox/MIRNcOgDrxWsMt2pAr23WHp6MrRlN7FBSFpCpr+oVO0F744iUgR82nJMfG2SA==",
      "license": "MIT",
      "resolved": "https://registry.npmjs.org/function-bind/-/function-bind-1.1.2.tgz",
      "version": "1.1.2"
    },
    "node_modules/get-tsconfig": {
      "dependencies": {
        "resolve-pkg-maps": "^1.0.0"
      },
      "dev": true,
      "funding": {
        "url": "https://github.com/privatenumber/get-tsconfig?sponsor=1"
      },
      "integrity": "sha512-k9PN+cFBmaLWtVz29SkUoqU5O0slLuHJXt/2P+tMVFT+phsSGXGkp9t3rQIqdz0e+06EHNGs3oM6ZX1s2zHxRg==",
      "license": "MIT",
      "resolved": "https://registry.npmjs.org/get-tsconfig/-/get-tsconfig-4.8.1.tgz",
      "version": "4.8.1"
    },
    "node_modules/hasown": {
      "dependencies": {
        "function-bind": "^1.1.2"
      },
      "dev": true,
      "engines": {
        "node": ">= 0.4"
      },
      "integrity": "sha512-0hJU9SCPvmMzIBdZFqNPXWa6dqh7WdH0cII9y+CyS8rG3nL48Bclra9HmKhVVUHyPWNH5Y7xDwAB7bfgSjkUMQ==",
      "license": "MIT",
      "resolved": "https://registry.npmjs.org/hasown/-/hasown-2.0.2.tgz",
      "version": "2.0.2"
    },
    "node_modules/is-core-module": {
      "dependencies": {
        "hasown": "^2.0.2"
      },
      "dev": true,
      "engines": {
        "node": ">= 0.4"
      },
      "funding": {
        "url": "https://github.com/sponsors/ljharb"
      },
      "integrity": "sha512-z0vtXSwucUJtANQWldhbtbt7BnL0vxiFjIdDLAatwhDYty2bad6s+rijD6Ri4YuYJubLzIJLUidCh09e1djEVQ==",
      "license": "MIT",
      "resolved": "https://registry.npmjs.org/is-core-module/-/is-core-module-2.15.1.tgz",
      "version": "2.15.1"
    },
    "node_modules/json5": {
      "bin": {
        "json5": "lib/cli.js"
      },
      "dev": true,
      "engines": {
        "node": ">=6"
      },
      "integrity": "sha512-XmOWe7eyHYH14cLdVPoyg+GOH3rYX++KpzrylJwSW98t3Nk+U8XOl8FWKOgwtzdb8lXGf6zYwDUzeHMWfxasyg==",
      "license": "MIT",
      "resolved": "https://registry.npmjs.org/json5/-/json5-2.2.3.tgz",
      "version": "2.2.3"
    },
    "node_modules/lodash": {
      "dev": true,
      "integrity": "sha512-v2kDEe57lecTulaDIuNTPy3Ry4gLGJ6Z1O3vE1krgXZNrsQ+LFTGHVxVjcXPs17LhbZVGedAJv8XZ1tvj5FvSg==",
      "license": "MIT",
      "resolved": "https://registry.npmjs.org/lodash/-/lodash-4.17.21.tgz",
      "version": "4.17.21"
    },
    "node_modules/minimist": {
      "dev": true,
      "funding": {
        "url": "https://github.com/sponsors/ljharb"
      },
      "integrity": "sha512-2yyAR8qBkN3YuheJanUpWC5U3bb5osDywNB8RzDVlDwDHbocAJveqqj1u8+SVD7jkWT4yvsHCpWqqWqAxb0zCA==",
      "license": "MIT",
      "resolved": "https://registry.npmjs.org/minimist/-/minimist-1.2.8.tgz",
      "version": "1.2.8"
    },
    "node_modules/path-parse": {
      "dev": true,
      "integrity": "sha512-LDJzPVEEEPR+y48z93A0Ed0yXb8pAByGWo/k5YYdYgpY2/2EsOsksJrq7lOHxryrVOn1ejG6oAp8ahvOIQD8sw==",
      "license": "MIT",
      "resolved": "https://registry.npmjs.org/path-parse/-/path-parse-1.0.7.tgz",
      "version": "1.0.7"
    },
    "node_modules/quibble": {
      "dependencies": {
        "lodash": "^4.17.21",
        "resolve": "^1.22.8"
      },
      "dev": true,
      "engines": {
        "node": ">= 0.14.0"
      },
      "integrity": "sha512-BrL7hrZcbyyt5ZDfePkGFDc3m82uUtxCPOnpRUrkOdtBnmV9ldQKxXORkKL8eIzToRNaCpIPyKyfdfq/tBlFAA==",
      "license": "MIT",
      "resolved": "https://registry.npmjs.org/quibble/-/quibble-0.9.2.tgz",
      "version": "0.9.2"
    },
    "node_modules/resolve": {
      "bin": {
        "resolve": "bin/resolve"
      },
      "dependencies": {
        "is-core-module": "^2.13.0",
        "path-parse": "^1.0.7",
        "supports-preserve-symlinks-flag": "^1.0.0"
      },
      "dev": true,
      "funding": {
        "url": "https://github.com/sponsors/ljharb"
      },
      "integrity": "sha512-oKWePCxqpd6FlLvGV1VU0x7bkPmmCNolxzjMf4NczoDnQcIWrAF+cPtZn5i6n+RfD2d9i0tzpKnG6Yk168yIyw==",
      "license": "MIT",
      "resolved": "https://registry.npmjs.org/resolve/-/resolve-1.22.8.tgz",
      "version": "1.22.8"
    },
    "node_modules/resolve-pkg-maps": {
      "dev": true,
      "funding": {
        "url": "https://github.com/privatenumber/resolve-pkg-maps?sponsor=1"
      },
      "integrity": "sha512-seS2Tj26TBVOC2NIc2rOe2y2ZO7efxITtLZcGSOnHHNOQ7CkiUBfw0Iw2ck6xkIhPwLhKNLS8BO+hEpngQlqzw==",
      "license": "MIT",
      "resolved": "https://registry.npmjs.org/resolve-pkg-maps/-/resolve-pkg-maps-1.0.0.tgz",
      "version": "1.0.0"
    },
    "node_modules/strip-bom": {
      "dev": true,
      "engines": {
        "node": ">=4"
      },
      "integrity": "sha512-vavAMRXOgBVNF6nyEEmL3DBK19iRpDcoIwW+swQ+CbGiu7lju6t+JklA1MHweoWtadgt4ISVUsXLyDq34ddcwA==",
      "license": "MIT",
      "resolved": "https://registry.npmjs.org/strip-bom/-/strip-bom-3.0.0.tgz",
      "version": "3.0.0"
    },
    "node_modules/supports-preserve-symlinks-flag": {
      "dev": true,
      "engines": {
        "node": ">= 0.4"
      },
      "funding": {
        "url": "https://github.com/sponsors/ljharb"
      },
      "integrity": "sha512-ot0WnXS9fgdkgIcePe6RHNk1WA8+muPa6cSjeR3V8K27q9BB1rTE3R1p7Hv0z1ZyAc8s6Vvv8DIyWf681MAt0w==",
      "license": "MIT",
      "resolved": "https://registry.npmjs.org/supports-preserve-symlinks-flag/-/supports-preserve-symlinks-flag-1.0.0.tgz",
      "version": "1.0.0"
    },
    "node_modules/tsconfig-paths": {
      "dependencies": {
        "json5": "^2.2.2",
        "minimist": "^1.2.6",
        "strip-bom": "^3.0.0"
      },
      "dev": true,
      "engines": {
        "node": ">=6"
      },
      "integrity": "sha512-NoZ4roiN7LnbKn9QqE1amc9DJfzvZXxF4xDavcOWt1BPkdx+m+0gJuPM+S0vCe7zTJMYUP0R8pO2XMr+Y8oLIg==",
      "license": "MIT",
      "resolved": "https://registry.npmjs.org/tsconfig-paths/-/tsconfig-paths-4.2.0.tgz",
      "version": "4.2.0"
    },
    "node_modules/tsx": {
      "bin": {
        "tsx": "dist/cli.mjs"
      },
      "dependencies": {
        "esbuild": "~0.25.0",
        "get-tsconfig": "^4.7.5"
      },
      "dev": true,
      "engines": {
        "node": ">=18.0.0"
      },
      "integrity": "sha512-4H8vUNGNjQ4V2EOoGw005+c+dGuPSnhpPBPHBtsZdGZBk/iJb4kguGlPWaZTZ3q5nMtFOEsY0nRDlh9PJyd6SQ==",
      "license": "MIT",
      "optionalDependencies": {
        "fsevents": "~2.3.3"
      },
      "resolved": "https://registry.npmjs.org/tsx/-/tsx-4.19.3.tgz",
      "version": "4.19.3"
    },
    "node_modules/tunnel": {
      "engines": {
        "node": ">=0.6.11 <=0.7.0 || >=0.7.3"
      },
      "integrity": "sha512-1h/Lnq9yajKY2PEbBadPXj3VxsDDu844OnaAo52UVmIzIvwwtBPIuNvkjuzBlTWpfJyUbG3ez0KSBibQkj4ojg==",
      "license": "MIT",
      "resolved": "https://registry.npmjs.org/tunnel/-/tunnel-0.0.6.tgz",
      "version": "0.0.6"
    },
    "node_modules/typescript": {
      "bin": {
        "tsc": "bin/tsc",
        "tsserver": "bin/tsserver"
      },
      "dev": true,
      "engines": {
        "node": ">=14.17"
      },
      "integrity": "sha512-i5t66RHxDvVN40HfDd1PsEThGNnlMCMT3jMUuoh9/0TaqWevNontacunWyN02LA9/fIbEWlcHZcgTKb9QoaLfg==",
      "license": "Apache-2.0",
      "resolved": "https://registry.npmjs.org/typescript/-/typescript-5.7.2.tgz",
      "version": "5.7.2"
    },
    "node_modules/undici": {
      "dependencies": {
        "@fastify/busboy": "^2.0.0"
      },
      "engines": {
        "node": ">=14.0"
      },
      "integrity": "sha512-raqeBD6NQK4SkWhQzeYKd1KmIG6dllBOTt55Rmkt4HtI9mwdWtJljnrXjAFUBLTSN67HWrOIZ3EPF4kjUw80Bg==",
      "license": "MIT",
      "resolved": "https://registry.npmjs.org/undici/-/undici-5.29.0.tgz",
      "version": "5.29.0"
    },
    "node_modules/universal-user-agent": {
      "dev": true,
      "integrity": "sha512-0JCqzSKnStlRRQfCdowvqy3cy0Dvtlb8xecj/H8JFZuCze4rwjPZQOgvFvn0Ws/usCHQFGpyr+pB9adaGwXn4Q==",
      "license": "ISC",
      "resolved": "https://registry.npmjs.org/universal-user-agent/-/universal-user-agent-7.0.2.tgz",
      "version": "7.0.2"
    },
    "node_modules/yaml": {
      "bin": {
        "yaml": "bin.mjs"
      },
      "dev": true,
      "engines": {
        "node": ">= 14"
      },
      "integrity": "sha512-7r0XPzioN/Q9kXBro/XPnA6kznR73DHq+GXh5ON7ZozRO6aMjbmiBuKste2wslTFkC5d1dw0GooOCepZXJ2SAg==",
      "license": "ISC",
      "resolved": "https://registry.npmjs.org/yaml/-/yaml-2.6.1.tgz",
      "version": "2.6.1"
    }
  },
  "requires": true,
  "version": "1.0.0"
}
